{
  "name": "examples",
  "version": "1.0.0",
  "lockfileVersion": 1,
  "requires": true,
  "dependencies": {
    "dd-store": {
      "version": "1.7.4",
      "resolved": "https://registry.npm.taobao.org/dd-store/download/dd-store-1.7.4.tgz",
      "integrity": "sha1-FqzIqsOH5lTIoXyB+JEUeKY/Bmw="
    }
  }
}
