{
  "name": "examples",
  "version": "1.0.0",
  "lockfileVersion": 1,
  "requires": true,
  "dependencies": {
    "dd-store": {
      "version": "1.3.0",
      "resolved": "https://registry.npmjs.org/dd-store/-/dd-store-1.3.0.tgz",
      "integrity": "sha512-zDCmexWnE48yt4S1Qcmgn9vftEsQs/zpqzg8YUUzg+R0/mzq4g6xlvX04QCdfU+ULqhz+es5gdKbxld1j3HmPg=="
    }
  }
}
