{
  "name": "examples",
  "version": "1.0.0",
  "lockfileVersion": 1,
  "requires": true,
  "dependencies": {
    "dd-store": {
      "version": "1.0.9",
      "resolved": "https://registry.npmjs.org/dd-store/-/dd-store-1.0.9.tgz",
      "integrity": "sha512-2NCF1yE49BB2yD3Df6KAcWhXxCtp/hXOLb1tdZnINqV5bXxaWEhbbF6OKxVX1NFvXMxCY0W3Wy270yOdU5y62A=="
    }
  }
}
